
Microsoft Visual Studio Solution File, Format Version 12.00
# Visual Studio Version 17
VisualStudioVersion = 17.9.34728.123
MinimumVisualStudioVersion = 10.0.40219.1
Project("{FAE04EC0-301F-11D3-BF4B-00C04F79EFBC}") = "WinFormOcrTest", "WinFormOcrTest.csproj", "{8700810E-8500-44F8-8B00-5CA338A21452}"
EndProject
Global
	GlobalSection(SolutionConfigurationPlatforms) = preSolution
		Debug|Any CPU = Debug|Any CPU
		Release|Any CPU = Release|Any CPU
	EndGlobalSection
	GlobalSection(ProjectConfigurationPlatforms) = postSolution
		{8700810E-8500-44F8-8B00-5CA338A21452}.Debug|Any CPU.ActiveCfg = Debug|Any CPU
		{8700810E-8500-44F8-8B00-5CA338A21452}.Debug|Any CPU.Build.0 = Debug|Any CPU
		{8700810E-8500-44F8-8B00-5CA338A21452}.Release|Any CPU.ActiveCfg = Release|Any CPU
		{8700810E-8500-44F8-8B00-5CA338A21452}.Release|Any CPU.Build.0 = Release|Any CPU
	EndGlobalSection
	GlobalSection(SolutionProperties) = preSolution
		HideSolutionNode = FALSE
	EndGlobalSection
	GlobalSection(ExtensibilityGlobals) = postSolution
		SolutionGuid = {6D15AB61-D595-4FD1-A0E7-33B4B05551E4}
	EndGlobalSection
EndGlobal
